
Microsoft Visual Studio Solution File, Format Version 12.00
# Visual Studio Version 16
VisualStudioVersion = 16.0.29609.76
MinimumVisualStudioVersion = 10.0.40219.1
Project("{FAE04EC0-301F-11D3-BF4B-00C04F79EFBC}") = "Spacearr.UWP", "Spacearr.UWP\Spacearr.UWP.csproj", "{7EF11016-1C0B-4B6A-9F05-1D9BC13847B8}"
EndProject
Project("{FAE04EC0-301F-11D3-BF4B-00C04F79EFBC}") = "Spacearr.Android", "Spacearr.Android\Spacearr.Android.csproj", "{68DF6F8D-0EFB-4616-83AF-6AFC6A446A1E}"
EndProject
Project("{FAE04EC0-301F-11D3-BF4B-00C04F79EFBC}") = "Spacearr.iOS", "Spacearr.iOS\Spacearr.iOS.csproj", "{10D3CC97-E227-4314-8F6F-BDC03605BDCF}"
EndProject
Project("{9A19103F-16F7-4668-BE54-9A1E7A4F7556}") = "Spacearr.Core.Xamarin", "Spacearr.Core.Xamarin\Spacearr.Core.Xamarin.csproj", "{8CB8FECD-0779-444B-A21C-7DFC554C111D}"
EndProject
Project("{9A19103F-16F7-4668-BE54-9A1E7A4F7556}") = "Spacearr.Common", "Spacearr.Common\Spacearr.Common.csproj", "{07955D9E-746B-4274-B1E5-B233D577E437}"
EndProject
Project("{9A19103F-16F7-4668-BE54-9A1E7A4F7556}") = "Spacearr.Pusher.API", "Spacearr.Pusher.API\Spacearr.Pusher.API.csproj", "{30304F6E-055D-47D8-88E4-6B8E306306D4}"
EndProject
Project("{9A19103F-16F7-4668-BE54-9A1E7A4F7556}") = "Spacearr.Common.Tests", "Spacearr.Common.Tests\Spacearr.Common.Tests.csproj", "{AC851950-74A5-42F7-A967-5B1A024AB59E}"
EndProject
Project("{9A19103F-16F7-4668-BE54-9A1E7A4F7556}") = "Spacearr.Core.Xamarin.Tests", "Spacearr.Core.Xamarin.Tests\Spacearr.Core.Xamarin.Tests.csproj", "{58760884-F453-4751-821B-9CEBCD3C588D}"
EndProject
Project("{9A19103F-16F7-4668-BE54-9A1E7A4F7556}") = "Spacearr.WorkerService.Windows", "Spacearr.WorkerService.Windows\Spacearr.WorkerService.Windows.csproj", "{1A5E164A-D885-4F25-8AB5-3E2480ED5200}"
EndProject
Global
	GlobalSection(SolutionConfigurationPlatforms) = preSolution
		Debug|Any CPU = Debug|Any CPU
		Debug|ARM = Debug|ARM
		Debug|iPhone = Debug|iPhone
		Debug|iPhoneSimulator = Debug|iPhoneSimulator
		Debug|x64 = Debug|x64
		Debug|x86 = Debug|x86
		Release|Any CPU = Release|Any CPU
		Release|ARM = Release|ARM
		Release|iPhone = Release|iPhone
		Release|iPhoneSimulator = Release|iPhoneSimulator
		Release|x64 = Release|x64
		Release|x86 = Release|x86
	EndGlobalSection
	GlobalSection(ProjectConfigurationPlatforms) = postSolution
		{7EF11016-1C0B-4B6A-9F05-1D9BC13847B8}.Debug|Any CPU.ActiveCfg = Debug|x86
		{7EF11016-1C0B-4B6A-9F05-1D9BC13847B8}.Debug|Any CPU.Build.0 = Debug|x86
		{7EF11016-1C0B-4B6A-9F05-1D9BC13847B8}.Debug|Any CPU.Deploy.0 = Debug|x86
		{7EF11016-1C0B-4B6A-9F05-1D9BC13847B8}.Debug|ARM.ActiveCfg = Debug|ARM
		{7EF11016-1C0B-4B6A-9F05-1D9BC13847B8}.Debug|ARM.Build.0 = Debug|ARM
		{7EF11016-1C0B-4B6A-9F05-1D9BC13847B8}.Debug|ARM.Deploy.0 = Debug|ARM
		{7EF11016-1C0B-4B6A-9F05-1D9BC13847B8}.Debug|iPhone.ActiveCfg = Debug|x86
		{7EF11016-1C0B-4B6A-9F05-1D9BC13847B8}.Debug|iPhone.Build.0 = Debug|x86
		{7EF11016-1C0B-4B6A-9F05-1D9BC13847B8}.Debug|iPhone.Deploy.0 = Debug|x86
		{7EF11016-1C0B-4B6A-9F05-1D9BC13847B8}.Debug|iPhoneSimulator.ActiveCfg = Debug|x86
		{7EF11016-1C0B-4B6A-9F05-1D9BC13847B8}.Debug|iPhoneSimulator.Build.0 = Debug|x86
		{7EF11016-1C0B-4B6A-9F05-1D9BC13847B8}.Debug|iPhoneSimulator.Deploy.0 = Debug|x86
		{7EF11016-1C0B-4B6A-9F05-1D9BC13847B8}.Debug|x64.ActiveCfg = Debug|x64
		{7EF11016-1C0B-4B6A-9F05-1D9BC13847B8}.Debug|x64.Build.0 = Debug|x64
		{7EF11016-1C0B-4B6A-9F05-1D9BC13847B8}.Debug|x64.Deploy.0 = Debug|x64
		{7EF11016-1C0B-4B6A-9F05-1D9BC13847B8}.Debug|x86.ActiveCfg = Debug|x86
		{7EF11016-1C0B-4B6A-9F05-1D9BC13847B8}.Debug|x86.Build.0 = Debug|x86
		{7EF11016-1C0B-4B6A-9F05-1D9BC13847B8}.Debug|x86.Deploy.0 = Debug|x86
		{7EF11016-1C0B-4B6A-9F05-1D9BC13847B8}.Release|Any CPU.ActiveCfg = Release|x86
		{7EF11016-1C0B-4B6A-9F05-1D9BC13847B8}.Release|Any CPU.Build.0 = Release|x86
		{7EF11016-1C0B-4B6A-9F05-1D9BC13847B8}.Release|Any CPU.Deploy.0 = Release|x86
		{7EF11016-1C0B-4B6A-9F05-1D9BC13847B8}.Release|ARM.ActiveCfg = Release|ARM
		{7EF11016-1C0B-4B6A-9F05-1D9BC13847B8}.Release|ARM.Build.0 = Release|ARM
		{7EF11016-1C0B-4B6A-9F05-1D9BC13847B8}.Release|ARM.Deploy.0 = Release|ARM
		{7EF11016-1C0B-4B6A-9F05-1D9BC13847B8}.Release|iPhone.ActiveCfg = Release|x86
		{7EF11016-1C0B-4B6A-9F05-1D9BC13847B8}.Release|iPhone.Build.0 = Release|x86
		{7EF11016-1C0B-4B6A-9F05-1D9BC13847B8}.Release|iPhone.Deploy.0 = Release|x86
		{7EF11016-1C0B-4B6A-9F05-1D9BC13847B8}.Release|iPhoneSimulator.ActiveCfg = Release|x86
		{7EF11016-1C0B-4B6A-9F05-1D9BC13847B8}.Release|iPhoneSimulator.Build.0 = Release|x86
		{7EF11016-1C0B-4B6A-9F05-1D9BC13847B8}.Release|iPhoneSimulator.Deploy.0 = Release|x86
		{7EF11016-1C0B-4B6A-9F05-1D9BC13847B8}.Release|x64.ActiveCfg = Release|x64
		{7EF11016-1C0B-4B6A-9F05-1D9BC13847B8}.Release|x64.Build.0 = Release|x64
		{7EF11016-1C0B-4B6A-9F05-1D9BC13847B8}.Release|x64.Deploy.0 = Release|x64
		{7EF11016-1C0B-4B6A-9F05-1D9BC13847B8}.Release|x86.ActiveCfg = Release|x86
		{7EF11016-1C0B-4B6A-9F05-1D9BC13847B8}.Release|x86.Build.0 = Release|x86
		{7EF11016-1C0B-4B6A-9F05-1D9BC13847B8}.Release|x86.Deploy.0 = Release|x86
		{68DF6F8D-0EFB-4616-83AF-6AFC6A446A1E}.Debug|Any CPU.ActiveCfg = Debug|Any CPU
		{68DF6F8D-0EFB-4616-83AF-6AFC6A446A1E}.Debug|Any CPU.Build.0 = Debug|Any CPU
		{68DF6F8D-0EFB-4616-83AF-6AFC6A446A1E}.Debug|Any CPU.Deploy.0 = Debug|Any CPU
		{68DF6F8D-0EFB-4616-83AF-6AFC6A446A1E}.Debug|ARM.ActiveCfg = Debug|Any CPU
		{68DF6F8D-0EFB-4616-83AF-6AFC6A446A1E}.Debug|ARM.Build.0 = Debug|Any CPU
		{68DF6F8D-0EFB-4616-83AF-6AFC6A446A1E}.Debug|ARM.Deploy.0 = Debug|Any CPU
		{68DF6F8D-0EFB-4616-83AF-6AFC6A446A1E}.Debug|iPhone.ActiveCfg = Debug|Any CPU
		{68DF6F8D-0EFB-4616-83AF-6AFC6A446A1E}.Debug|iPhone.Build.0 = Debug|Any CPU
		{68DF6F8D-0EFB-4616-83AF-6AFC6A446A1E}.Debug|iPhone.Deploy.0 = Debug|Any CPU
		{68DF6F8D-0EFB-4616-83AF-6AFC6A446A1E}.Debug|iPhoneSimulator.ActiveCfg = Debug|Any CPU
		{68DF6F8D-0EFB-4616-83AF-6AFC6A446A1E}.Debug|iPhoneSimulator.Build.0 = Debug|Any CPU
		{68DF6F8D-0EFB-4616-83AF-6AFC6A446A1E}.Debug|iPhoneSimulator.Deploy.0 = Debug|Any CPU
		{68DF6F8D-0EFB-4616-83AF-6AFC6A446A1E}.Debug|x64.ActiveCfg = Debug|Any CPU
		{68DF6F8D-0EFB-4616-83AF-6AFC6A446A1E}.Debug|x64.Build.0 = Debug|Any CPU
		{68DF6F8D-0EFB-4616-83AF-6AFC6A446A1E}.Debug|x64.Deploy.0 = Debug|Any CPU
		{68DF6F8D-0EFB-4616-83AF-6AFC6A446A1E}.Debug|x86.ActiveCfg = Debug|Any CPU
		{68DF6F8D-0EFB-4616-83AF-6AFC6A446A1E}.Debug|x86.Build.0 = Debug|Any CPU
		{68DF6F8D-0EFB-4616-83AF-6AFC6A446A1E}.Debug|x86.Deploy.0 = Debug|Any CPU
		{68DF6F8D-0EFB-4616-83AF-6AFC6A446A1E}.Release|Any CPU.ActiveCfg = Release|Any CPU
		{68DF6F8D-0EFB-4616-83AF-6AFC6A446A1E}.Release|Any CPU.Build.0 = Release|Any CPU
		{68DF6F8D-0EFB-4616-83AF-6AFC6A446A1E}.Release|Any CPU.Deploy.0 = Release|Any CPU
		{68DF6F8D-0EFB-4616-83AF-6AFC6A446A1E}.Release|ARM.ActiveCfg = Release|Any CPU
		{68DF6F8D-0EFB-4616-83AF-6AFC6A446A1E}.Release|ARM.Build.0 = Release|Any CPU
		{68DF6F8D-0EFB-4616-83AF-6AFC6A446A1E}.Release|ARM.Deploy.0 = Release|Any CPU
		{68DF6F8D-0EFB-4616-83AF-6AFC6A446A1E}.Release|iPhone.ActiveCfg = Release|Any CPU
		{68DF6F8D-0EFB-4616-83AF-6AFC6A446A1E}.Release|iPhone.Build.0 = Release|Any CPU
		{68DF6F8D-0EFB-4616-83AF-6AFC6A446A1E}.Release|iPhone.Deploy.0 = Release|Any CPU
		{68DF6F8D-0EFB-4616-83AF-6AFC6A446A1E}.Release|iPhoneSimulator.ActiveCfg = Release|Any CPU
		{68DF6F8D-0EFB-4616-83AF-6AFC6A446A1E}.Release|iPhoneSimulator.Build.0 = Release|Any CPU
		{68DF6F8D-0EFB-4616-83AF-6AFC6A446A1E}.Release|iPhoneSimulator.Deploy.0 = Release|Any CPU
		{68DF6F8D-0EFB-4616-83AF-6AFC6A446A1E}.Release|x64.ActiveCfg = Release|Any CPU
		{68DF6F8D-0EFB-4616-83AF-6AFC6A446A1E}.Release|x64.Build.0 = Release|Any CPU
		{68DF6F8D-0EFB-4616-83AF-6AFC6A446A1E}.Release|x64.Deploy.0 = Release|Any CPU
		{68DF6F8D-0EFB-4616-83AF-6AFC6A446A1E}.Release|x86.ActiveCfg = Release|Any CPU
		{68DF6F8D-0EFB-4616-83AF-6AFC6A446A1E}.Release|x86.Build.0 = Release|Any CPU
		{68DF6F8D-0EFB-4616-83AF-6AFC6A446A1E}.Release|x86.Deploy.0 = Release|Any CPU
		{10D3CC97-E227-4314-8F6F-BDC03605BDCF}.Debug|Any CPU.ActiveCfg = Debug|iPhone
		{10D3CC97-E227-4314-8F6F-BDC03605BDCF}.Debug|Any CPU.Build.0 = Debug|iPhone
		{10D3CC97-E227-4314-8F6F-BDC03605BDCF}.Debug|Any CPU.Deploy.0 = Debug|iPhone
		{10D3CC97-E227-4314-8F6F-BDC03605BDCF}.Debug|ARM.ActiveCfg = Debug|iPhoneSimulator
		{10D3CC97-E227-4314-8F6F-BDC03605BDCF}.Debug|ARM.Build.0 = Debug|iPhoneSimulator
		{10D3CC97-E227-4314-8F6F-BDC03605BDCF}.Debug|ARM.Deploy.0 = Debug|iPhoneSimulator
		{10D3CC97-E227-4314-8F6F-BDC03605BDCF}.Debug|iPhone.ActiveCfg = Debug|iPhone
		{10D3CC97-E227-4314-8F6F-BDC03605BDCF}.Debug|iPhone.Build.0 = Debug|iPhone
		{10D3CC97-E227-4314-8F6F-BDC03605BDCF}.Debug|iPhone.Deploy.0 = Debug|iPhone
		{10D3CC97-E227-4314-8F6F-BDC03605BDCF}.Debug|iPhoneSimulator.ActiveCfg = Debug|iPhoneSimulator
		{10D3CC97-E227-4314-8F6F-BDC03605BDCF}.Debug|iPhoneSimulator.Build.0 = Debug|iPhoneSimulator
		{10D3CC97-E227-4314-8F6F-BDC03605BDCF}.Debug|iPhoneSimulator.Deploy.0 = Debug|iPhoneSimulator
		{10D3CC97-E227-4314-8F6F-BDC03605BDCF}.Debug|x64.ActiveCfg = Debug|iPhone
		{10D3CC97-E227-4314-8F6F-BDC03605BDCF}.Debug|x64.Build.0 = Debug|iPhone
		{10D3CC97-E227-4314-8F6F-BDC03605BDCF}.Debug|x64.Deploy.0 = Debug|iPhone
		{10D3CC97-E227-4314-8F6F-BDC03605BDCF}.Debug|x86.ActiveCfg = Debug|iPhone
		{10D3CC97-E227-4314-8F6F-BDC03605BDCF}.Debug|x86.Build.0 = Debug|iPhone
		{10D3CC97-E227-4314-8F6F-BDC03605BDCF}.Debug|x86.Deploy.0 = Debug|iPhone
		{10D3CC97-E227-4314-8F6F-BDC03605BDCF}.Release|Any CPU.ActiveCfg = Release|iPhone
		{10D3CC97-E227-4314-8F6F-BDC03605BDCF}.Release|Any CPU.Build.0 = Release|iPhone
		{10D3CC97-E227-4314-8F6F-BDC03605BDCF}.Release|Any CPU.Deploy.0 = Release|iPhone
		{10D3CC97-E227-4314-8F6F-BDC03605BDCF}.Release|ARM.ActiveCfg = Release|iPhone
		{10D3CC97-E227-4314-8F6F-BDC03605BDCF}.Release|ARM.Build.0 = Release|iPhone
		{10D3CC97-E227-4314-8F6F-BDC03605BDCF}.Release|ARM.Deploy.0 = Release|iPhone
		{10D3CC97-E227-4314-8F6F-BDC03605BDCF}.Release|iPhone.ActiveCfg = Release|iPhone
		{10D3CC97-E227-4314-8F6F-BDC03605BDCF}.Release|iPhone.Build.0 = Release|iPhone
		{10D3CC97-E227-4314-8F6F-BDC03605BDCF}.Release|iPhone.Deploy.0 = Release|iPhone
		{10D3CC97-E227-4314-8F6F-BDC03605BDCF}.Release|iPhoneSimulator.ActiveCfg = Release|iPhoneSimulator
		{10D3CC97-E227-4314-8F6F-BDC03605BDCF}.Release|iPhoneSimulator.Build.0 = Release|iPhoneSimulator
		{10D3CC97-E227-4314-8F6F-BDC03605BDCF}.Release|iPhoneSimulator.Deploy.0 = Release|iPhoneSimulator
		{10D3CC97-E227-4314-8F6F-BDC03605BDCF}.Release|x64.ActiveCfg = Release|iPhone
		{10D3CC97-E227-4314-8F6F-BDC03605BDCF}.Release|x64.Build.0 = Release|iPhone
		{10D3CC97-E227-4314-8F6F-BDC03605BDCF}.Release|x64.Deploy.0 = Release|iPhone
		{10D3CC97-E227-4314-8F6F-BDC03605BDCF}.Release|x86.ActiveCfg = Release|iPhone
		{10D3CC97-E227-4314-8F6F-BDC03605BDCF}.Release|x86.Build.0 = Release|iPhone
		{10D3CC97-E227-4314-8F6F-BDC03605BDCF}.Release|x86.Deploy.0 = Release|iPhone
		{8CB8FECD-0779-444B-A21C-7DFC554C111D}.Debug|Any CPU.ActiveCfg = Debug|Any CPU
		{8CB8FECD-0779-444B-A21C-7DFC554C111D}.Debug|Any CPU.Build.0 = Debug|Any CPU
		{8CB8FECD-0779-444B-A21C-7DFC554C111D}.Debug|Any CPU.Deploy.0 = Debug|Any CPU
		{8CB8FECD-0779-444B-A21C-7DFC554C111D}.Debug|ARM.ActiveCfg = Debug|Any CPU
		{8CB8FECD-0779-444B-A21C-7DFC554C111D}.Debug|ARM.Build.0 = Debug|Any CPU
		{8CB8FECD-0779-444B-A21C-7DFC554C111D}.Debug|ARM.Deploy.0 = Debug|Any CPU
		{8CB8FECD-0779-444B-A21C-7DFC554C111D}.Debug|iPhone.ActiveCfg = Debug|Any CPU
		{8CB8FECD-0779-444B-A21C-7DFC554C111D}.Debug|iPhone.Build.0 = Debug|Any CPU
		{8CB8FECD-0779-444B-A21C-7DFC554C111D}.Debug|iPhone.Deploy.0 = Debug|Any CPU
		{8CB8FECD-0779-444B-A21C-7DFC554C111D}.Debug|iPhoneSimulator.ActiveCfg = Debug|Any CPU
		{8CB8FECD-0779-444B-A21C-7DFC554C111D}.Debug|iPhoneSimulator.Build.0 = Debug|Any CPU
		{8CB8FECD-0779-444B-A21C-7DFC554C111D}.Debug|iPhoneSimulator.Deploy.0 = Debug|Any CPU
		{8CB8FECD-0779-444B-A21C-7DFC554C111D}.Debug|x64.ActiveCfg = Debug|Any CPU
		{8CB8FECD-0779-444B-A21C-7DFC554C111D}.Debug|x64.Build.0 = Debug|Any CPU
		{8CB8FECD-0779-444B-A21C-7DFC554C111D}.Debug|x64.Deploy.0 = Debug|Any CPU
		{8CB8FECD-0779-444B-A21C-7DFC554C111D}.Debug|x86.ActiveCfg = Debug|Any CPU
		{8CB8FECD-0779-444B-A21C-7DFC554C111D}.Debug|x86.Build.0 = Debug|Any CPU
		{8CB8FECD-0779-444B-A21C-7DFC554C111D}.Debug|x86.Deploy.0 = Debug|Any CPU
		{8CB8FECD-0779-444B-A21C-7DFC554C111D}.Release|Any CPU.ActiveCfg = Release|Any CPU
		{8CB8FECD-0779-444B-A21C-7DFC554C111D}.Release|Any CPU.Build.0 = Release|Any CPU
		{8CB8FECD-0779-444B-A21C-7DFC554C111D}.Release|Any CPU.Deploy.0 = Release|Any CPU
		{8CB8FECD-0779-444B-A21C-7DFC554C111D}.Release|ARM.ActiveCfg = Release|Any CPU
		{8CB8FECD-0779-444B-A21C-7DFC554C111D}.Release|ARM.Build.0 = Release|Any CPU
		{8CB8FECD-0779-444B-A21C-7DFC554C111D}.Release|ARM.Deploy.0 = Release|Any CPU
		{8CB8FECD-0779-444B-A21C-7DFC554C111D}.Release|iPhone.ActiveCfg = Release|Any CPU
		{8CB8FECD-0779-444B-A21C-7DFC554C111D}.Release|iPhone.Build.0 = Release|Any CPU
		{8CB8FECD-0779-444B-A21C-7DFC554C111D}.Release|iPhone.Deploy.0 = Release|Any CPU
		{8CB8FECD-0779-444B-A21C-7DFC554C111D}.Release|iPhoneSimulator.ActiveCfg = Release|Any CPU
		{8CB8FECD-0779-444B-A21C-7DFC554C111D}.Release|iPhoneSimulator.Build.0 = Release|Any CPU
		{8CB8FECD-0779-444B-A21C-7DFC554C111D}.Release|iPhoneSimulator.Deploy.0 = Release|Any CPU
		{8CB8FECD-0779-444B-A21C-7DFC554C111D}.Release|x64.ActiveCfg = Release|Any CPU
		{8CB8FECD-0779-444B-A21C-7DFC554C111D}.Release|x64.Build.0 = Release|Any CPU
		{8CB8FECD-0779-444B-A21C-7DFC554C111D}.Release|x64.Deploy.0 = Release|Any CPU
		{8CB8FECD-0779-444B-A21C-7DFC554C111D}.Release|x86.ActiveCfg = Release|Any CPU
		{8CB8FECD-0779-444B-A21C-7DFC554C111D}.Release|x86.Build.0 = Release|Any CPU
		{8CB8FECD-0779-444B-A21C-7DFC554C111D}.Release|x86.Deploy.0 = Release|Any CPU
		{07955D9E-746B-4274-B1E5-B233D577E437}.Debug|Any CPU.ActiveCfg = Debug|Any CPU
		{07955D9E-746B-4274-B1E5-B233D577E437}.Debug|Any CPU.Build.0 = Debug|Any CPU
		{07955D9E-746B-4274-B1E5-B233D577E437}.Debug|ARM.ActiveCfg = Debug|Any CPU
		{07955D9E-746B-4274-B1E5-B233D577E437}.Debug|ARM.Build.0 = Debug|Any CPU
		{07955D9E-746B-4274-B1E5-B233D577E437}.Debug|iPhone.ActiveCfg = Debug|Any CPU
		{07955D9E-746B-4274-B1E5-B233D577E437}.Debug|iPhone.Build.0 = Debug|Any CPU
		{07955D9E-746B-4274-B1E5-B233D577E437}.Debug|iPhoneSimulator.ActiveCfg = Debug|Any CPU
		{07955D9E-746B-4274-B1E5-B233D577E437}.Debug|iPhoneSimulator.Build.0 = Debug|Any CPU
		{07955D9E-746B-4274-B1E5-B233D577E437}.Debug|x64.ActiveCfg = Debug|Any CPU
		{07955D9E-746B-4274-B1E5-B233D577E437}.Debug|x64.Build.0 = Debug|Any CPU
		{07955D9E-746B-4274-B1E5-B233D577E437}.Debug|x86.ActiveCfg = Debug|Any CPU
		{07955D9E-746B-4274-B1E5-B233D577E437}.Debug|x86.Build.0 = Debug|Any CPU
		{07955D9E-746B-4274-B1E5-B233D577E437}.Release|Any CPU.ActiveCfg = Release|Any CPU
		{07955D9E-746B-4274-B1E5-B233D577E437}.Release|Any CPU.Build.0 = Release|Any CPU
		{07955D9E-746B-4274-B1E5-B233D577E437}.Release|ARM.ActiveCfg = Release|Any CPU
		{07955D9E-746B-4274-B1E5-B233D577E437}.Release|ARM.Build.0 = Release|Any CPU
		{07955D9E-746B-4274-B1E5-B233D577E437}.Release|iPhone.ActiveCfg = Release|Any CPU
		{07955D9E-746B-4274-B1E5-B233D577E437}.Release|iPhone.Build.0 = Release|Any CPU
		{07955D9E-746B-4274-B1E5-B233D577E437}.Release|iPhoneSimulator.ActiveCfg = Release|Any CPU
		{07955D9E-746B-4274-B1E5-B233D577E437}.Release|iPhoneSimulator.Build.0 = Release|Any CPU
		{07955D9E-746B-4274-B1E5-B233D577E437}.Release|x64.ActiveCfg = Release|Any CPU
		{07955D9E-746B-4274-B1E5-B233D577E437}.Release|x64.Build.0 = Release|Any CPU
		{07955D9E-746B-4274-B1E5-B233D577E437}.Release|x86.ActiveCfg = Release|Any CPU
		{07955D9E-746B-4274-B1E5-B233D577E437}.Release|x86.Build.0 = Release|Any CPU
		{30304F6E-055D-47D8-88E4-6B8E306306D4}.Debug|Any CPU.ActiveCfg = Debug|Any CPU
		{30304F6E-055D-47D8-88E4-6B8E306306D4}.Debug|Any CPU.Build.0 = Debug|Any CPU
		{30304F6E-055D-47D8-88E4-6B8E306306D4}.Debug|ARM.ActiveCfg = Debug|Any CPU
		{30304F6E-055D-47D8-88E4-6B8E306306D4}.Debug|ARM.Build.0 = Debug|Any CPU
		{30304F6E-055D-47D8-88E4-6B8E306306D4}.Debug|iPhone.ActiveCfg = Debug|Any CPU
		{30304F6E-055D-47D8-88E4-6B8E306306D4}.Debug|iPhone.Build.0 = Debug|Any CPU
		{30304F6E-055D-47D8-88E4-6B8E306306D4}.Debug|iPhoneSimulator.ActiveCfg = Debug|Any CPU
		{30304F6E-055D-47D8-88E4-6B8E306306D4}.Debug|iPhoneSimulator.Build.0 = Debug|Any CPU
		{30304F6E-055D-47D8-88E4-6B8E306306D4}.Debug|x64.ActiveCfg = Debug|Any CPU
		{30304F6E-055D-47D8-88E4-6B8E306306D4}.Debug|x64.Build.0 = Debug|Any CPU
		{30304F6E-055D-47D8-88E4-6B8E306306D4}.Debug|x86.ActiveCfg = Debug|Any CPU
		{30304F6E-055D-47D8-88E4-6B8E306306D4}.Debug|x86.Build.0 = Debug|Any CPU
		{30304F6E-055D-47D8-88E4-6B8E306306D4}.Release|Any CPU.ActiveCfg = Release|Any CPU
		{30304F6E-055D-47D8-88E4-6B8E306306D4}.Release|Any CPU.Build.0 = Release|Any CPU
		{30304F6E-055D-47D8-88E4-6B8E306306D4}.Release|ARM.ActiveCfg = Release|Any CPU
		{30304F6E-055D-47D8-88E4-6B8E306306D4}.Release|ARM.Build.0 = Release|Any CPU
		{30304F6E-055D-47D8-88E4-6B8E306306D4}.Release|iPhone.ActiveCfg = Release|Any CPU
		{30304F6E-055D-47D8-88E4-6B8E306306D4}.Release|iPhone.Build.0 = Release|Any CPU
		{30304F6E-055D-47D8-88E4-6B8E306306D4}.Release|iPhoneSimulator.ActiveCfg = Release|Any CPU
		{30304F6E-055D-47D8-88E4-6B8E306306D4}.Release|iPhoneSimulator.Build.0 = Release|Any CPU
		{30304F6E-055D-47D8-88E4-6B8E306306D4}.Release|x64.ActiveCfg = Release|Any CPU
		{30304F6E-055D-47D8-88E4-6B8E306306D4}.Release|x64.Build.0 = Release|Any CPU
		{30304F6E-055D-47D8-88E4-6B8E306306D4}.Release|x86.ActiveCfg = Release|Any CPU
		{30304F6E-055D-47D8-88E4-6B8E306306D4}.Release|x86.Build.0 = Release|Any CPU
		{AC851950-74A5-42F7-A967-5B1A024AB59E}.Debug|Any CPU.ActiveCfg = Debug|Any CPU
		{AC851950-74A5-42F7-A967-5B1A024AB59E}.Debug|Any CPU.Build.0 = Debug|Any CPU
		{AC851950-74A5-42F7-A967-5B1A024AB59E}.Debug|ARM.ActiveCfg = Debug|Any CPU
		{AC851950-74A5-42F7-A967-5B1A024AB59E}.Debug|ARM.Build.0 = Debug|Any CPU
		{AC851950-74A5-42F7-A967-5B1A024AB59E}.Debug|iPhone.ActiveCfg = Debug|Any CPU
		{AC851950-74A5-42F7-A967-5B1A024AB59E}.Debug|iPhone.Build.0 = Debug|Any CPU
		{AC851950-74A5-42F7-A967-5B1A024AB59E}.Debug|iPhoneSimulator.ActiveCfg = Debug|Any CPU
		{AC851950-74A5-42F7-A967-5B1A024AB59E}.Debug|iPhoneSimulator.Build.0 = Debug|Any CPU
		{AC851950-74A5-42F7-A967-5B1A024AB59E}.Debug|x64.ActiveCfg = Debug|Any CPU
		{AC851950-74A5-42F7-A967-5B1A024AB59E}.Debug|x64.Build.0 = Debug|Any CPU
		{AC851950-74A5-42F7-A967-5B1A024AB59E}.Debug|x86.ActiveCfg = Debug|Any CPU
		{AC851950-74A5-42F7-A967-5B1A024AB59E}.Debug|x86.Build.0 = Debug|Any CPU
		{AC851950-74A5-42F7-A967-5B1A024AB59E}.Release|Any CPU.ActiveCfg = Release|Any CPU
		{AC851950-74A5-42F7-A967-5B1A024AB59E}.Release|Any CPU.Build.0 = Release|Any CPU
		{AC851950-74A5-42F7-A967-5B1A024AB59E}.Release|ARM.ActiveCfg = Release|Any CPU
		{AC851950-74A5-42F7-A967-5B1A024AB59E}.Release|ARM.Build.0 = Release|Any CPU
		{AC851950-74A5-42F7-A967-5B1A024AB59E}.Release|iPhone.ActiveCfg = Release|Any CPU
		{AC851950-74A5-42F7-A967-5B1A024AB59E}.Release|iPhone.Build.0 = Release|Any CPU
		{AC851950-74A5-42F7-A967-5B1A024AB59E}.Release|iPhoneSimulator.ActiveCfg = Release|Any CPU
		{AC851950-74A5-42F7-A967-5B1A024AB59E}.Release|iPhoneSimulator.Build.0 = Release|Any CPU
		{AC851950-74A5-42F7-A967-5B1A024AB59E}.Release|x64.ActiveCfg = Release|Any CPU
		{AC851950-74A5-42F7-A967-5B1A024AB59E}.Release|x64.Build.0 = Release|Any CPU
		{AC851950-74A5-42F7-A967-5B1A024AB59E}.Release|x86.ActiveCfg = Release|Any CPU
		{AC851950-74A5-42F7-A967-5B1A024AB59E}.Release|x86.Build.0 = Release|Any CPU
		{58760884-F453-4751-821B-9CEBCD3C588D}.Debug|Any CPU.ActiveCfg = Debug|Any CPU
		{58760884-F453-4751-821B-9CEBCD3C588D}.Debug|Any CPU.Build.0 = Debug|Any CPU
		{58760884-F453-4751-821B-9CEBCD3C588D}.Debug|ARM.ActiveCfg = Debug|Any CPU
		{58760884-F453-4751-821B-9CEBCD3C588D}.Debug|ARM.Build.0 = Debug|Any CPU
		{58760884-F453-4751-821B-9CEBCD3C588D}.Debug|iPhone.ActiveCfg = Debug|Any CPU
		{58760884-F453-4751-821B-9CEBCD3C588D}.Debug|iPhone.Build.0 = Debug|Any CPU
		{58760884-F453-4751-821B-9CEBCD3C588D}.Debug|iPhoneSimulator.ActiveCfg = Debug|Any CPU
		{58760884-F453-4751-821B-9CEBCD3C588D}.Debug|iPhoneSimulator.Build.0 = Debug|Any CPU
		{58760884-F453-4751-821B-9CEBCD3C588D}.Debug|x64.ActiveCfg = Debug|Any CPU
		{58760884-F453-4751-821B-9CEBCD3C588D}.Debug|x64.Build.0 = Debug|Any CPU
		{58760884-F453-4751-821B-9CEBCD3C588D}.Debug|x86.ActiveCfg = Debug|Any CPU
		{58760884-F453-4751-821B-9CEBCD3C588D}.Debug|x86.Build.0 = Debug|Any CPU
		{58760884-F453-4751-821B-9CEBCD3C588D}.Release|Any CPU.ActiveCfg = Release|Any CPU
		{58760884-F453-4751-821B-9CEBCD3C588D}.Release|Any CPU.Build.0 = Release|Any CPU
		{58760884-F453-4751-821B-9CEBCD3C588D}.Release|ARM.ActiveCfg = Release|Any CPU
		{58760884-F453-4751-821B-9CEBCD3C588D}.Release|ARM.Build.0 = Release|Any CPU
		{58760884-F453-4751-821B-9CEBCD3C588D}.Release|iPhone.ActiveCfg = Release|Any CPU
		{58760884-F453-4751-821B-9CEBCD3C588D}.Release|iPhone.Build.0 = Release|Any CPU
		{58760884-F453-4751-821B-9CEBCD3C588D}.Release|iPhoneSimulator.ActiveCfg = Release|Any CPU
		{58760884-F453-4751-821B-9CEBCD3C588D}.Release|iPhoneSimulator.Build.0 = Release|Any CPU
		{58760884-F453-4751-821B-9CEBCD3C588D}.Release|x64.ActiveCfg = Release|Any CPU
		{58760884-F453-4751-821B-9CEBCD3C588D}.Release|x64.Build.0 = Release|Any CPU
		{58760884-F453-4751-821B-9CEBCD3C588D}.Release|x86.ActiveCfg = Release|Any CPU
		{58760884-F453-4751-821B-9CEBCD3C588D}.Release|x86.Build.0 = Release|Any CPU
		{1A5E164A-D885-4F25-8AB5-3E2480ED5200}.Debug|Any CPU.ActiveCfg = Debug|Any CPU
		{1A5E164A-D885-4F25-8AB5-3E2480ED5200}.Debug|Any CPU.Build.0 = Debug|Any CPU
		{1A5E164A-D885-4F25-8AB5-3E2480ED5200}.Debug|ARM.ActiveCfg = Debug|Any CPU
		{1A5E164A-D885-4F25-8AB5-3E2480ED5200}.Debug|ARM.Build.0 = Debug|Any CPU
		{1A5E164A-D885-4F25-8AB5-3E2480ED5200}.Debug|iPhone.ActiveCfg = Debug|Any CPU
		{1A5E164A-D885-4F25-8AB5-3E2480ED5200}.Debug|iPhone.Build.0 = Debug|Any CPU
		{1A5E164A-D885-4F25-8AB5-3E2480ED5200}.Debug|iPhoneSimulator.ActiveCfg = Debug|Any CPU
		{1A5E164A-D885-4F25-8AB5-3E2480ED5200}.Debug|iPhoneSimulator.Build.0 = Debug|Any CPU
		{1A5E164A-D885-4F25-8AB5-3E2480ED5200}.Debug|x64.ActiveCfg = Debug|Any CPU
		{1A5E164A-D885-4F25-8AB5-3E2480ED5200}.Debug|x64.Build.0 = Debug|Any CPU
		{1A5E164A-D885-4F25-8AB5-3E2480ED5200}.Debug|x86.ActiveCfg = Debug|Any CPU
		{1A5E164A-D885-4F25-8AB5-3E2480ED5200}.Debug|x86.Build.0 = Debug|Any CPU
		{1A5E164A-D885-4F25-8AB5-3E2480ED5200}.Release|Any CPU.ActiveCfg = Release|Any CPU
		{1A5E164A-D885-4F25-8AB5-3E2480ED5200}.Release|Any CPU.Build.0 = Release|Any CPU
		{1A5E164A-D885-4F25-8AB5-3E2480ED5200}.Release|ARM.ActiveCfg = Release|Any CPU
		{1A5E164A-D885-4F25-8AB5-3E2480ED5200}.Release|ARM.Build.0 = Release|Any CPU
		{1A5E164A-D885-4F25-8AB5-3E2480ED5200}.Release|iPhone.ActiveCfg = Release|Any CPU
		{1A5E164A-D885-4F25-8AB5-3E2480ED5200}.Release|iPhone.Build.0 = Release|Any CPU
		{1A5E164A-D885-4F25-8AB5-3E2480ED5200}.Release|iPhoneSimulator.ActiveCfg = Release|Any CPU
		{1A5E164A-D885-4F25-8AB5-3E2480ED5200}.Release|iPhoneSimulator.Build.0 = Release|Any CPU
		{1A5E164A-D885-4F25-8AB5-3E2480ED5200}.Release|x64.ActiveCfg = Release|Any CPU
		{1A5E164A-D885-4F25-8AB5-3E2480ED5200}.Release|x64.Build.0 = Release|Any CPU
		{1A5E164A-D885-4F25-8AB5-3E2480ED5200}.Release|x86.ActiveCfg = Release|Any CPU
		{1A5E164A-D885-4F25-8AB5-3E2480ED5200}.Release|x86.Build.0 = Release|Any CPU
	EndGlobalSection
	GlobalSection(SolutionProperties) = preSolution
		HideSolutionNode = FALSE
	EndGlobalSection
	GlobalSection(ExtensibilityGlobals) = postSolution
		SolutionGuid = {3D886C62-FCDC-48BA-BA99-613FF5845485}
	EndGlobalSection
EndGlobal
